Microsoft Visual Studio Solution File, Format Version 12.00
# Visual Studio 2012
Project("{FAE04EC0-301F-11D3-BF4B-00C04F79EFBC}") = "Ergosys", "Ergosys.csproj", "{887E93FE-5BC2-499D-A9D8-256C63FC83AA}"
EndProject
Global
	GlobalSection(SolutionConfigurationPlatforms) = preSolution
	Debug|Any CPU = Debug|Any CPU
	ExportDebug|Any CPU = ExportDebug|Any CPU
	ExportRelease|Any CPU = ExportRelease|Any CPU
	EndGlobalSection
	GlobalSection(ProjectConfigurationPlatforms) = postSolution
		{887E93FE-5BC2-499D-A9D8-256C63FC83AA}.Debug|Any CPU.ActiveCfg = Debug|Any CPU
		{887E93FE-5BC2-499D-A9D8-256C63FC83AA}.Debug|Any CPU.Build.0 = Debug|Any CPU
		{887E93FE-5BC2-499D-A9D8-256C63FC83AA}.ExportDebug|Any CPU.ActiveCfg = ExportDebug|Any CPU
		{887E93FE-5BC2-499D-A9D8-256C63FC83AA}.ExportDebug|Any CPU.Build.0 = ExportDebug|Any CPU
		{887E93FE-5BC2-499D-A9D8-256C63FC83AA}.ExportRelease|Any CPU.ActiveCfg = ExportRelease|Any CPU
		{887E93FE-5BC2-499D-A9D8-256C63FC83AA}.ExportRelease|Any CPU.Build.0 = ExportRelease|Any CPU
	EndGlobalSection
EndGlobal
